{
  "name": "integ--arangodb",
  "version": "0.0.0",
  "lockfileVersion": 3,
  "requires": true,
  "packages": {
    "": {
      "version": "0.0.0",
      "dependencies": {
        "arangojs": "^10.1.1"
      }
    },
    "node_modules/@types/node": {
      "version": "20.17.47",
      "resolved": "https://registry.npmjs.org/@types/node/-/node-20.17.47.tgz",
      "integrity": "sha512-3dLX0Upo1v7RvUimvxLeXqwrfyKxUINk0EAM83swP2mlSUcwV73sZy8XhNz8bcZ3VbsfQyC/y6jRdL5tgCNpDQ==",
      "license": "MIT",
      "dependencies": {
        "undici-types": "~6.19.2"
      }
    },
    "node_modules/arangojs": {
      "version": "10.1.1",
      "resolved": "https://registry.npmjs.org/arangojs/-/arangojs-10.1.1.tgz",
      "integrity": "sha512-nzQFBvJFEGVdaRFWqe4KyZ4ziHis3ULa4U0Hks0K37Fc1mkSJweKRtu+fL0XSn6mPz0SzxJJjXbX/fMWqfr8/g==",
      "license": "Apache-2.0",
      "dependencies": {
        "@types/node": "^20.11.26"
      },
      "engines": {
        "node": ">=20"
      },
      "peerDependencies": {
        "undici": ">=5.21.0"
      },
      "peerDependenciesMeta": {
        "undici": {
          "optional": true
        }
      }
    },
    "node_modules/undici-types": {
      "version": "6.19.8",
      "resolved": "https://registry.npmjs.org/undici-types/-/undici-types-6.19.8.tgz",
      "integrity": "sha512-ve2KP6f/JnbPBFyobGHuerC9g1FYGn/F8n1LWTwNxCEzd6IfqTwUQcNXgEtmmQ6DlRrC1hrSrBnCZPokRrDHjw==",
      "license": "MIT"
    }
  }
}
